{
  "name": "Peter-Sadek",
  "lockfileVersion": 3,
  "requires": true,
  "packages": {
    "": {
      "dependencies": {
        "shopify-buy": "^3.0.0-rc.1"
      }
    },
    "node_modules/shopify-buy": {
      "version": "3.0.0-rc.1",
      "resolved": "https://registry.npmjs.org/shopify-buy/-/shopify-buy-3.0.0-rc.1.tgz",
      "integrity": "sha512-3CVa9sGsA1UDtcROKgdHgEb/PXNlM2IWe43r5mj5Bn8zlyNvyH7FUjOMHq7e8Wy2oM7GFjrhpeEecX5tIZ53LQ=="
    }
  }
}
